PODS:
  - QWListKit (1.4.0)
  - Then (2.7.0)

DEPENDENCIES:
  - QWListKit (from `../`)
  - Then

SPEC REPOS:
  https://github.com/CocoaPods/Specs.git:
    - Then

EXTERNAL SOURCES:
  QWListKit:
    :path: "../"

SPEC CHECKSUMS:
  QWListKit: 99b5b17ef5c063532ac87873d3c0fb12c4b3dac7
  Then: acfe0be7e98221c6204e12f8161459606d5d822d

PODFILE CHECKSUM: fdc99f9b8305d34ba92c4fea9a28438476c31e39

COCOAPODS: 1.11.2
